
Microsoft Visual Studio Solution File, Format Version 12.00
# Visual Studio 2012
Project("{FAE04EC0-301F-11D3-BF4B-00C04F79EFBC}") = "SecondSyn", "SecondSyn\SecondSyn.csproj", "{69196828-C407-4C62-AC24-87C5D9F23245}"
EndProject
Global
	GlobalSection(SolutionConfigurationPlatforms) = preSolution
		Debug|Any CPU = Debug|Any CPU
		Release|Any CPU = Release|Any CPU
	EndGlobalSection
	GlobalSection(ProjectConfigurationPlatforms) = postSolution
		{69196828-C407-4C62-AC24-87C5D9F23245}.Debug|Any CPU.ActiveCfg = Debug|Any CPU
		{69196828-C407-4C62-AC24-87C5D9F23245}.Debug|Any CPU.Build.0 = Debug|Any CPU
		{69196828-C407-4C62-AC24-87C5D9F23245}.Release|Any CPU.ActiveCfg = Release|Any CPU
		{69196828-C407-4C62-AC24-87C5D9F23245}.Release|Any CPU.Build.0 = Release|Any CPU
	EndGlobalSection
	GlobalSection(SolutionProperties) = preSolution
		HideSolutionNode = FALSE
	EndGlobalSection
EndGlobal
